{
    "name": "podman_env",
    "version": "1.0.0",
    "lockfileVersion": 3,
    "requires": true,
    "packages": {
        "": {
            "name": "podman_env",
            "version": "1.0.0",
            "license": "MIT",
            "dependencies": {
                "adm-zip": "^0.5.16"
            },
            "engines": {
                "node": ">=18"
            }
        },
        "node_modules/adm-zip": {
            "version": "0.5.18",
            "resolved": "https://registry.npmjs.org/adm-zip/-/adm-zip-0.5.18.tgz",
            "integrity": "sha512-ufJnssQGbxzLNS1Ho9bCtX4rQKCCvoVuDLHoJyc3F9dOGDB4BkWs2Ci0kv53lqocAEQ/Cbi+I2XCsNYGqVYqng==",
            "license": "MIT",
            "engines": {
                "node": ">=12.0"
            }
        }
    }
}
